
Microsoft Visual Studio Solution File, Format Version 12.00
# Visual Studio Version 17
VisualStudioVersion = 17.6.33801.468
MinimumVisualStudioVersion = 10.0.40219.1
Project("{9A19103F-16F7-4668-BE54-9A1E7A4F7556}") = "PlannerApp", "PlannerApp\PlannerApp.csproj", "{A2751EB2-337B-4174-AC9D-6FBBD6EF7E6D}"
EndProject
Project("{FAE04EC0-301F-11D3-BF4B-00C04F79EFBC}") = "PlannerApp.Shared", "PlannerApp.Shared\PlannerApp.Shared.csproj", "{D36581B8-300F-487F-A3AB-BE673283406B}"
EndProject
Global
	GlobalSection(SolutionConfigurationPlatforms) = preSolution
		Debug|Any CPU = Debug|Any CPU
		Release|Any CPU = Release|Any CPU
	EndGlobalSection
	GlobalSection(ProjectConfigurationPlatforms) = postSolution
		{A2751EB2-337B-4174-AC9D-6FBBD6EF7E6D}.Debug|Any CPU.ActiveCfg = Debug|Any CPU
		{A2751EB2-337B-4174-AC9D-6FBBD6EF7E6D}.Debug|Any CPU.Build.0 = Debug|Any CPU
		{A2751EB2-337B-4174-AC9D-6FBBD6EF7E6D}.Release|Any CPU.ActiveCfg = Release|Any CPU
		{A2751EB2-337B-4174-AC9D-6FBBD6EF7E6D}.Release|Any CPU.Build.0 = Release|Any CPU
		{D36581B8-300F-487F-A3AB-BE673283406B}.Debug|Any CPU.ActiveCfg = Debug|Any CPU
		{D36581B8-300F-487F-A3AB-BE673283406B}.Debug|Any CPU.Build.0 = Debug|Any CPU
		{D36581B8-300F-487F-A3AB-BE673283406B}.Release|Any CPU.ActiveCfg = Release|Any CPU
		{D36581B8-300F-487F-A3AB-BE673283406B}.Release|Any CPU.Build.0 = Release|Any CPU
	EndGlobalSection
	GlobalSection(SolutionProperties) = preSolution
		HideSolutionNode = FALSE
	EndGlobalSection
	GlobalSection(ExtensibilityGlobals) = postSolution
		SolutionGuid = {8B00EC7E-337E-40F6-A92F-5D14198066DC}
	EndGlobalSection
EndGlobal
